{
  "lock_version": "1.0",
  "content_hash": "sha256:745a7a8d083ae88fa0420aa15309a4498d5c306e2d78547fd614451b650292a1",
  "dependencies": [
    {
      "name": "@github/markdown-toolbar-element",
      "version": "1.2.0",
      "provider": "unpkg",
      "assets": [
        {
          "name": "dist/index.umd.js",
          "sri": "sha384-Ax3sxzgMtcdi9LFvXcq24Eb67ECTmlxgV0+3psXKVymsmK8XzCtqC2YQDcBn3mS/"
        }
      ],
      "maps": []
    },
    {
      "name": "bootstrap",
      "version": "4.6.2",
      "provider": "cdnjs",
      "assets": [
        {
          "name": "css/bootstrap.css",
          "sri": "sha512-nC+a1/agL6/Btk2NLY0uRsdrXxibJlYKsBhbIPKFMnVqPRtOyw1M0wd1VNPeUYjHT8YTwTNihxo/DzP++k16xQ=="
        },
        {
          "name": "css/bootstrap.css.map",
          "sri": null
        },
        {
          "name": "css/bootstrap.min.css",
          "sri": "sha512-rt/SrQ4UNIaGfDyEXZtNcyWvQeOq0QLygHluFQcSjaGB04IxWhal71tKuzP6K8eYXYB6vJV4pHkXcmFGGQ1/0w=="
        },
        {
          "name": "css/bootstrap.min.css.map",
          "sri": null
        },
        {
          "name": "js/bootstrap.bundle.js",
          "sri": "sha512-ezTd7an5ZLpG3KYgo7fNMDMkBBHzv7D7P2372kGGEIrYSA0ZQiRYtFUdVdWVUCY9Xggwi3iGXSjwIv8eY2MNbg=="
        },
        {
          "name": "js/bootstrap.bundle.js.map",
          "sri": null
        },
        {
          "name": "js/bootstrap.bundle.min.js",
          "sri": "sha512-igl8WEUuas9k5dtnhKqyyld6TzzRjvMqLC79jkgT3z02FvJyHAuUtyemm/P/jYSne1xwFI06ezQxEwweaiV7VA=="
        },
        {
          "name": "js/bootstrap.bundle.min.js.map",
          "sri": null
        },
        {
          "name": "scss/_alert.scss",
          "sri": null
        },
        {
          "name": "scss/_badge.scss",
          "sri": null
        },
        {
          "name": "scss/_breadcrumb.scss",
          "sri": null
        },
        {
          "name": "scss/_button-group.scss",
          "sri": null
        },
        {
          "name": "scss/_buttons.scss",
          "sri": null
        },
        {
          "name": "scss/_card.scss",
          "sri": null
        },
        {
          "name": "scss/_carousel.scss",
          "sri": null
        },
        {
          "name": "scss/_close.scss",
          "sri": null
        },
        {
          "name": "scss/_code.scss",
          "sri": null
        },
        {
          "name": "scss/_custom-forms.scss",
          "sri": null
        },
        {
          "name": "scss/_dropdown.scss",
          "sri": null
        },
        {
          "name": "scss/_forms.scss",
          "sri": null
        },
        {
          "name": "scss/_functions.scss",
          "sri": null
        },
        {
          "name": "scss/_grid.scss",
          "sri": null
        },
        {
          "name": "scss/_images.scss",
          "sri": null
        },
        {
          "name": "scss/_input-group.scss",
          "sri": null
        },
        {
          "name": "scss/_jumbotron.scss",
          "sri": null
        },
        {
          "name": "scss/_list-group.scss",
          "sri": null
        },
        {
          "name": "scss/_media.scss",
          "sri": null
        },
        {
          "name": "scss/_mixins.scss",
          "sri": null
        },
        {
          "name": "scss/_modal.scss",
          "sri": null
        },
        {
          "name": "scss/_nav.scss",
          "sri": null
        },
        {
          "name": "scss/_navbar.scss",
          "sri": null
        },
        {
          "name": "scss/_pagination.scss",
          "sri": null
        },
        {
          "name": "scss/_popover.scss",
          "sri": null
        },
        {
          "name": "scss/_print.scss",
          "sri": null
        },
        {
          "name": "scss/_progress.scss",
          "sri": null
        },
        {
          "name": "scss/_reboot.scss",
          "sri": null
        },
        {
          "name": "scss/_root.scss",
          "sri": null
        },
        {
          "name": "scss/_spinners.scss",
          "sri": null
        },
        {
          "name": "scss/_tables.scss",
          "sri": null
        },
        {
          "name": "scss/_toasts.scss",
          "sri": null
        },
        {
          "name": "scss/_tooltip.scss",
          "sri": null
        },
        {
          "name": "scss/_transitions.scss",
          "sri": null
        },
        {
          "name": "scss/_type.scss",
          "sri": null
        },
        {
          "name": "scss/_utilities.scss",
          "sri": null
        },
        {
          "name": "scss/_variables.scss",
          "sri": null
        },
        {
          "name": "scss/bootstrap-grid.scss",
          "sri": null
        },
        {
          "name": "scss/bootstrap-reboot.scss",
          "sri": null
        },
        {
          "name": "scss/bootstrap.scss",
          "sri": null
        },
        {
          "name": "scss/mixins/_alert.scss",
          "sri": null
        },
        {
          "name": "scss/mixins/_background-variant.scss",
          "sri": null
        },
        {
          "name": "scss/mixins/_badge.scss",
          "sri": null
        },
        {
          "name": "scss/mixins/_border-radius.scss",
          "sri": null
        },
        {
          "name": "scss/mixins/_box-shadow.scss",
          "sri": null
        },
        {
          "name": "scss/mixins/_breakpoints.scss",
          "sri": null
        },
        {
          "name": "scss/mixins/_buttons.scss",
          "sri": null
        },
        {
          "name": "scss/mixins/_caret.scss",
          "sri": null
        },
        {
          "name": "scss/mixins/_clearfix.scss",
          "sri": null
        },
        {
          "name": "scss/mixins/_deprecate.scss",
          "sri": null
        },
        {
          "name": "scss/mixins/_float.scss",
          "sri": null
        },
        {
          "name": "scss/mixins/_forms.scss",
          "sri": null
        },
        {
          "name": "scss/mixins/_gradients.scss",
          "sri": null
        },
        {
          "name": "scss/mixins/_grid-framework.scss",
          "sri": null
        },
        {
          "name": "scss/mixins/_grid.scss",
          "sri": null
        },
        {
          "name": "scss/mixins/_hover.scss",
          "sri": null
        },
        {
          "name": "scss/mixins/_image.scss",
          "sri": null
        },
        {
          "name": "scss/mixins/_list-group.scss",
          "sri": null
        },
        {
          "name": "scss/mixins/_lists.scss",
          "sri": null
        },
        {
          "name": "scss/mixins/_nav-divider.scss",
          "sri": null
        },
        {
          "name": "scss/mixins/_pagination.scss",
          "sri": null
        },
        {
          "name": "scss/mixins/_reset-text.scss",
          "sri": null
        },
        {
          "name": "scss/mixins/_resize.scss",
          "sri": null
        },
        {
          "name": "scss/mixins/_screen-reader.scss",
          "sri": null
        },
        {
          "name": "scss/mixins/_size.scss",
          "sri": null
        },
        {
          "name": "scss/mixins/_table-row.scss",
          "sri": null
        },
        {
          "name": "scss/mixins/_text-emphasis.scss",
          "sri": null
        },
        {
          "name": "scss/mixins/_text-hide.scss",
          "sri": null
        },
        {
          "name": "scss/mixins/_text-truncate.scss",
          "sri": null
        },
        {
          "name": "scss/mixins/_transition.scss",
          "sri": null
        },
        {
          "name": "scss/mixins/_visibility.scss",
          "sri": null
        },
        {
          "name": "scss/utilities/_align.scss",
          "sri": null
        },
        {
          "name": "scss/utilities/_background.scss",
          "sri": null
        },
        {
          "name": "scss/utilities/_borders.scss",
          "sri": null
        },
        {
          "name": "scss/utilities/_clearfix.scss",
          "sri": null
        },
        {
          "name": "scss/utilities/_display.scss",
          "sri": null
        },
        {
          "name": "scss/utilities/_embed.scss",
          "sri": null
        },
        {
          "name": "scss/utilities/_flex.scss",
          "sri": null
        },
        {
          "name": "scss/utilities/_float.scss",
          "sri": null
        },
        {
          "name": "scss/utilities/_interactions.scss",
          "sri": null
        },
        {
          "name": "scss/utilities/_overflow.scss",
          "sri": null
        },
        {
          "name": "scss/utilities/_position.scss",
          "sri": null
        },
        {
          "name": "scss/utilities/_screenreaders.scss",
          "sri": null
        },
        {
          "name": "scss/utilities/_shadows.scss",
          "sri": null
        },
        {
          "name": "scss/utilities/_sizing.scss",
          "sri": null
        },
        {
          "name": "scss/utilities/_spacing.scss",
          "sri": null
        },
        {
          "name": "scss/utilities/_stretched-link.scss",
          "sri": null
        },
        {
          "name": "scss/utilities/_text.scss",
          "sri": null
        },
        {
          "name": "scss/utilities/_visibility.scss",
          "sri": null
        },
        {
          "name": "scss/vendor/_rfs.scss",
          "sri": null
        }
      ],
      "maps": []
    },
    {
      "name": "bootswatch",
      "version": "5.3.0",
      "provider": "unpkg",
      "assets": [
        {
          "name": "dist/flatly/_bootswatch.scss",
          "sri": "sha384-Hzmz1s2Rz4naafNaqlI84mIG2I38fTwckv0p34b3axboXKKF1JwOd6lTWhds127J"
        },
        {
          "name": "dist/flatly/_variables.scss",
          "sri": "sha384-dYnUzGrVtPtkinIMHgIMUPs59/LXTyUzD38LVA2JqAUVLCWvVSVPsr1gajK3z0jF"
        }
      ],
      "maps": []
    },
    {
      "name": "datatables.net",
      "version": "1.11.3",
      "provider": "unpkg",
      "assets": [
        {
          "name": "js/jquery.dataTables.js",
          "sri": "sha384-ffdocMECdI5Mr/PiXXjgHO0Yj4n6iCzP4ivRh4iF3pxOS4iLTGyYImqTNMjcvgCQ"
        },
        {
          "name": "js/jquery.dataTables.min.js",
          "sri": "sha384-Ys7dhgZ13dNQE2uo7PY+FIKiwwu0WNSnKCAOPPNoC9KT+fW+OAh+Ym0z3eiREmpZ"
        }
      ],
      "maps": []
    },
    {
      "name": "datatables.net-bs4",
      "version": "1.11.3",
      "provider": "unpkg",
      "assets": [
        {
          "name": "css/dataTables.bootstrap4.css",
          "sri": "sha384-EvIr2PlbcGMb0zxwU9/FJBagUw3KateXm545CaPe5guMZKVKKaK2VRpFVSbcL+ym"
        },
        {
          "name": "css/dataTables.bootstrap4.min.css",
          "sri": "sha384-d9W9+gJYgHf3dPgkLbdt0l6ohsATXXYEBZNKxeJj6aybLr8PFOCHFXFWtVMXeXP3"
        },
        {
          "name": "js/dataTables.bootstrap4.js",
          "sri": "sha384-yh2DKHGQ1YQGa6VRaEQmJkz4wJnrPoPlF+qWvcav0Af/ynTt2JMP8/0P2T0Y/67u"
        },
        {
          "name": "js/dataTables.bootstrap4.min.js",
          "sri": "sha384-bX64nQ/u/Jovgh0rdhdtHy2BMWv9TOOds6b4reiVcJ0KcA76JdIxmwar1pN2NsUj"
        }
      ],
      "maps": []
    },
    {
      "name": "datatables.net-buttons",
      "version": "2.0.1",
      "provider": "unpkg",
      "assets": [
        {
          "name": "js/buttons.colVis.js",
          "sri": "sha384-AbV5HVbLCLmZJidGbIdYIXa+jUM76ualbJ9VxjEk1XApV0QD4kBJ03Okikmvcps0"
        },
        {
          "name": "js/buttons.colVis.min.js",
          "sri": "sha384-enGTgEZOvC7C8P91Jt/27n1V3xD5SIzGi1e+DzYJvAts546YTsj3CNmnL0G/zlVn"
        },
        {
          "name": "js/dataTables.buttons.js",
          "sri": "sha384-8LM8BoZwX5XkG/uPMRUUlo5btOd9W42awa7ky9qUj7B7r7IXLYoxnZnDNMfypbrX"
        },
        {
          "name": "js/dataTables.buttons.min.js",
          "sri": "sha384-MGimb05YiSGNcXiLlj03UNahXBECHmFTe5iVBqh6sf2G7ccabI3/EOqzBnNw97/T"
        }
      ],
      "maps": []
    },
    {
      "name": "datatables.net-buttons-bs4",
      "version": "2.0.1",
      "provider": "unpkg",
      "assets": [
        {
          "name": "css/buttons.bootstrap4.css",
          "sri": "sha384-q4EZq/gM8ljWYtB8R40hnwfyZj3WIvbcEzgREtSQVdAsOtwP9LvOtwsUVjgY/U8S"
        },
        {
          "name": "css/buttons.bootstrap4.min.css",
          "sri": "sha384-edc+aE6Ik81hVXxTAc5hJy5+51r8isS15Bg5ABuEQvzK/WJKD4OGi6rHI49qr3y8"
        },
        {
          "name": "js/buttons.bootstrap4.js",
          "sri": "sha384-IMnD0fgb6WzFOenYYLbPmzMvsBZupbK31cTb1Jx9J5WJ0jIG+wfLvHIH75coZEYp"
        },
        {
          "name": "js/buttons.bootstrap4.min.js",
          "sri": "sha384-39HSGlFa/ZBzWGrpbpXEnLn7D25fRe7nSgMuD9OovM0Hmm/73enw1iF3zgQfJ9OZ"
        }
      ],
      "maps": []
    },
    {
      "name": "floating-scroll",
      "version": "3.2.0",
      "provider": "unpkg",
      "assets": [
        {
          "name": "dist/jquery.floatingscroll.css",
          "sri": "sha384-IhiSZ9rydjTj1D6ZswgB2pCL8hba3n2U7ljG1A0IOaLieaahZNTCTyBEkTECkPaL"
        },
        {
          "name": "dist/jquery.floatingscroll.min.js",
          "sri": "sha384-gS4dgnfbPsSGHw07CtiuYGt7z8RfOScrwZbvmFGEVblveZgbTwScK+29f9wBreQV"
        }
      ],
      "maps": []
    },
    {
      "name": "font-awesome",
      "version": "5.15.4",
      "provider": "cdnjs",
      "assets": [
        {
          "name": "css/all.css",
          "sri": "sha512-4wfcoXlib1Aq0mUtsLLM74SZtmB73VHTafZAvxIp/Wk9u1PpIsrfmTvK0+yKetghCL8SHlZbMyEcV8Z21v42UQ=="
        },
        {
          "name": "css/all.min.css",
          "sri": "sha512-1ycn6IcaQQ40/MKBW2W4Rhis/DbILU74C1vSrLJxCq57o941Ym01SwNsOMqvEBFlcgUa6xLiPY/NS5R+E6ztJQ=="
        },
        {
          "name": "webfonts/fa-brands-400.eot",
          "sri": null
        },
        {
          "name": "webfonts/fa-brands-400.svg",
          "sri": null
        },
        {
          "name": "webfonts/fa-brands-400.ttf",
          "sri": null
        },
        {
          "name": "webfonts/fa-brands-400.woff",
          "sri": null
        },
        {
          "name": "webfonts/fa-brands-400.woff2",
          "sri": null
        },
        {
          "name": "webfonts/fa-regular-400.eot",
          "sri": null
        },
        {
          "name": "webfonts/fa-regular-400.svg",
          "sri": null
        },
        {
          "name": "webfonts/fa-regular-400.ttf",
          "sri": null
        },
        {
          "name": "webfonts/fa-regular-400.woff",
          "sri": null
        },
        {
          "name": "webfonts/fa-regular-400.woff2",
          "sri": null
        },
        {
          "name": "webfonts/fa-solid-900.eot",
          "sri": null
        },
        {
          "name": "webfonts/fa-solid-900.svg",
          "sri": null
        },
        {
          "name": "webfonts/fa-solid-900.ttf",
          "sri": null
        },
        {
          "name": "webfonts/fa-solid-900.woff",
          "sri": null
        },
        {
          "name": "webfonts/fa-solid-900.woff2",
          "sri": null
        }
      ],
      "maps": []
    },
    {
      "name": "hammer.js",
      "version": "2.0.8",
      "provider": "cdnjs",
      "assets": [
        {
          "name": "hammer.js",
          "sri": "sha512-qRj8N7fxOHxPkKjnQ9EJgLJ8Ng1OK7seBn1uk8wkqaXpa7OA13LO6txQ7+ajZonyc9Ts4K/ugXljevkFTUGBcw=="
        },
        {
          "name": "hammer.min.js",
          "sri": "sha512-UXumZrZNiOwnTcZSHLOfcTs0aos2MzBWHXOHOuB0J/R44QB0dwY5JgfbvljXcklVf65Gc4El6RjZ+lnwd2az2g=="
        },
        {
          "name": "hammer.min.js.map",
          "sri": null
        }
      ],
      "maps": []
    },
    {
      "name": "htmx",
      "version": "1.7.0",
      "provider": "cdnjs",
      "assets": [
        {
          "name": "htmx.js",
          "sri": "sha512-wJXYT7RzKp/dxju83CCCATupp32GQvko0KrJVK3zTgTMkVWiLiHnupKKgOUt+87t+oe/Rm2Q2p+pOpiD+IR0lQ=="
        },
        {
          "name": "htmx.min.js",
          "sri": "sha512-etqA0KankuxrlSeZDYycQBY/D/KWZn0YZjlsjAo7kCEBTy1gg+DwmR6icxtOpqDBOzm2P00/lSIXEu7K+zvNsg=="
        }
      ],
      "maps": []
    },
    {
      "name": "jquery",
      "version": "3.7.0",
      "provider": "cdnjs",
      "assets": [
        {
          "name": "jquery.js",
          "sri": "sha512-8Z5++K1rB3U+USaLKG6oO8uWWBhdYsM3hmdirnOEWp8h2B1aOikj5zBzlXs8QOrvY9OxEnD2QDkbSKKpfqcIWw=="
        },
        {
          "name": "jquery.min.js",
          "sri": "sha512-3gJwYpMe3QewGELv8k/BX9vcqhryRdzRMxVfq6ngyWXwo03GFEzjsUm8Q7RZcHPHksttq7/GFoxjCVUjkjvPdw=="
        },
        {
          "name": "jquery.min.map",
          "sri": null
        }
      ],
      "maps": []
    },
    {
      "name": "jscolor",
      "version": "2.5.1",
      "provider": "cdnjs",
      "assets": [
        {
          "name": "jscolor.js",
          "sri": "sha512-UP6tOIJfUgQv7uNUL4IXb8HDO1PlEUVSOuPGUcX11obi7Eh24geCoL2X+8JxB4tA9BfdppntOzqrmVQUblSYYQ=="
        },
        {
          "name": "jscolor.min.js",
          "sri": "sha512-/e+XGe8oSD9M1t0NKNCrUlRsiyeFTiZw4+pmf0g8wTbc8IfiLwJsjTODc/pq3hKhKAdsehJs7STPvX7SkFSpOQ=="
        }
      ],
      "maps": []
    },
    {
      "name": "jsoneditor",
      "version": "10.1.1",
      "provider": "cdnjs",
      "assets": [
        {
          "name": "img/jsoneditor-icons.svg",
          "sri": null
        },
        {
          "name": "jsoneditor.css",
          "sri": "sha512-iOFdnlwX6UGb55bU5DL0tjWkS/+9jxRxw2KiRzyHMZARASUSwm0nEXBcdqsYni+t3UKJSK7vrwvlL8792/UMjQ=="
        },
        {
          "name": "jsoneditor.js",
          "sri": "sha512-HePx5/4V5aGOlhxKK/l2O80+a/aHOOxzMIl/SiuPOGfBcbuLDhFwTI1WKk5CijlbvsJuHosMCZNGWik0gE7enw=="
        },
        {
          "name": "jsoneditor.min.css",
          "sri": "sha512-8G+Vb2+10BSrSo+wupdzJIylDLpGtEYniQhp0rsbTigPG7Onn2S08Ai/KEGlxN2Ncx9fGqVHtRehMuOjPb9f8g=="
        },
        {
          "name": "jsoneditor.min.js",
          "sri": "sha512-ZZTYi+tU/p2AEQSfuloqzXrZZiPkgPrXF1Pcj4OVAm4rsUnUPGme+gga6eAMbzKu+gPa1uciaOVIcxCGIsuLEQ=="
        }
      ],
      "maps": [
        "jsoneditor.map"
      ]
    },
    {
      "name": "moment.js",
      "version": "2.24.0",
      "provider": "cdnjs",
      "assets": [
        {
          "name": "moment.js",
          "sri": "sha512-Wv3kTSwLkL+/MpK3lOgKtsTn5lO1nmdesv7k9kWcIu0joAJo4KxIsB4/rQPUX/1M/MNeMCbRb7/2S/f2FIhBLQ=="
        },
        {
          "name": "moment.min.js",
          "sri": "sha512-i2CVnAiguN6SnJ3d2ChOOddMWQyvgQTzm0qSgiKhOqBMGCx4fGU5BtzXEybnKatWPDkXPFyCI0lbG42BnVjr/Q=="
        }
      ],
      "maps": []
    },
    {
      "name": "sentry-browser",
      "version": "6.19.7",
      "provider": "cdnjs",
      "assets": [
        {
          "name": "bundle.js",
          "sri": "sha512-YFAdK/3y/z0eEiGVH4jEbdHQM9CDBO6XV5oX5NkhlC4UlZLV9we7Sqog57K2FDBDbGQUWfkEilpByTPJwQ8Atg=="
        },
        {
          "name": "bundle.min.js",
          "sri": "sha512-bfZoCIl6netdQQ4kWQ5HZaKOS24IohehpiEjuOu2sVpY3XaheFE/n0+bqJCwt4CDEP+nN+90sQwIOl1II1pLjA=="
        }
      ],
      "maps": [
        "bundle.min.js.map",
        "bundle.js.map"
      ]
    },
    {
      "name": "uppy",
      "version": "2.2.0",
      "provider": "cdnjs",
      "assets": [
        {
          "name": "uppy.css",
          "sri": "sha512-Ku+niwTGeWDTIMq36s+0/Z5/J2+Dzv+oPX+VK6IdKD3Zgd08xmNR4l7UWeMc3pXNMMvqX3N0SBUytoL75/WMCw=="
        },
        {
          "name": "uppy.js",
          "sri": "sha512-KbZ6k6pqdpS1TyYdfB9iJAwBv20Hktdz/6BTVd/eEHgKraMflq9F8/tOUlAyf1gAFBon6d6nC8L+pP27zeLZOw=="
        },
        {
          "name": "uppy.js.map",
          "sri": null
        },
        {
          "name": "uppy.min.css",
          "sri": "sha512-gD1Tjv/Dd8ZppRVxEh9BEgWgh6tUyXzcKb69dBn+JD5Ci5XYEj41jXBMacn3BmAbFFt/Wb1thylExLdwHR2kDA=="
        },
        {
          "name": "uppy.min.js",
          "sri": "sha512-NqPGg/p+/2QB/u22DwP2WutK3gpmglXIWLLuj2m67Kn6o+DU4qXopBHsQzJ7vSZMDx8wJ3fXbo526oSFLhCwkA=="
        },
        {
          "name": "uppy.min.js.map",
          "sri": null
        }
      ],
      "maps": [
        "packages/uppy/dist/uppy.min.js.map"
      ]
    },
    {
      "name": "vega",
      "version": "5.20.2",
      "provider": "cdnjs",
      "assets": [
        {
          "name": "vega.js",
          "sri": "sha512-NUL0H+1cUkPGBvLAmsK0WmDwgXYINObyyw/Jj8fBwu6sIl+12iSZr0+/TAQ8wCaj2XzAaFX5XQRjx8Z/1E8qTA=="
        },
        {
          "name": "vega.min.js",
          "sri": "sha512-cNxHgXBzKj+J32O+EhaG4v7CuZTVe7p+jBzu1N+QlUxFe/m3y0r1rAHTbBSFcQR5XagrXm43g/DfcmkFvvfIQQ=="
        }
      ],
      "maps": [
        "vega.min.js.map"
      ]
    },
    {
      "name": "vega-embed",
      "version": "6.17.0",
      "provider": "cdnjs",
      "assets": [
        {
          "name": "vega-embed.js",
          "sri": "sha512-on9nfuMR+qroRvIZgDlfWK09LLuVIIzazSQHves4boFFtHulHUM7XnDg6e0xdFAXgiwtZHfBRR5xT3xu0gkhZg=="
        },
        {
          "name": "vega-embed.js.map",
          "sri": null
        },
        {
          "name": "vega-embed.min.js",
          "sri": "sha512-APNk3zkoYiQb+AhF+HOkt3cj1u+xIymun1KTqKP32YZDRWgnN/sNmCeUL5QxecitZSgS0b/Wp0/WF0uFv1GO2A=="
        },
        {
          "name": "vega-embed.min.js.map",
          "sri": null
        }
      ],
      "maps": []
    },
    {
      "name": "vega-lite",
      "version": "5.1.0",
      "provider": "cdnjs",
      "assets": [
        {
          "name": "vega-lite.js",
          "sri": "sha512-Z5O5U8QvBmxsHZiQfvqu2+UERgL7K7tVJ8XwAlnP5Q+U4oG6bLeMn53GMBB9M2aBm0GKeXFcWPOW0mjm2kPTFg=="
        },
        {
          "name": "vega-lite.js.map",
          "sri": null
        },
        {
          "name": "vega-lite.min.js",
          "sri": "sha512-1FlIGoVpDTGmUpnMqFvsedEILJNp0mkDQ1JSuZwLR1yllAHzSSIPTl0cMp8S3F6UrmWFIeS4/Zr7ivVFAxAAQw=="
        },
        {
          "name": "vega-lite.min.js.map",
          "sri": null
        }
      ],
      "maps": []
    }
  ]
}
