{
  "lock_version": "1.0",
  "content_hash": "sha256:c81caae9f3ec5affb1595356d10f74305ceacf17d39c2d46ad7f742ea914bde1",
  "dependencies": [
    {
      "name": "htmx",
      "version": "1.7.0",
      "assets": [
        {
          "name": "htmx/1.7.0/htmx.js",
          "sri": "sha512-wJXYT7RzKp/dxju83CCCATupp32GQvko0KrJVK3zTgTMkVWiLiHnupKKgOUt+87t+oe/Rm2Q2p+pOpiD+IR0lQ=="
        },
        {
          "name": "htmx/1.7.0/htmx.min.js",
          "sri": "sha512-etqA0KankuxrlSeZDYycQBY/D/KWZn0YZjlsjAo7kCEBTy1gg+DwmR6icxtOpqDBOzm2P00/lSIXEu7K+zvNsg=="
        }
      ]
    },
    {
      "name": "moment.js",
      "version": "2.24.0",
      "assets": [
        {
          "name": "moment.js/2.24.0/moment.js",
          "sri": "sha512-Wv3kTSwLkL+/MpK3lOgKtsTn5lO1nmdesv7k9kWcIu0joAJo4KxIsB4/rQPUX/1M/MNeMCbRb7/2S/f2FIhBLQ=="
        },
        {
          "name": "moment.js/2.24.0/moment.min.js",
          "sri": "sha512-i2CVnAiguN6SnJ3d2ChOOddMWQyvgQTzm0qSgiKhOqBMGCx4fGU5BtzXEybnKatWPDkXPFyCI0lbG42BnVjr/Q=="
        }
      ]
    },
    {
      "name": "openseadragon",
      "version": "2.4.1",
      "assets": [
        {
          "name": "openseadragon/2.4.1/images/button_grouphover.png",
          "sri": null
        },
        {
          "name": "openseadragon/2.4.1/images/button_hover.png",
          "sri": null
        },
        {
          "name": "openseadragon/2.4.1/images/button_pressed.png",
          "sri": null
        },
        {
          "name": "openseadragon/2.4.1/images/button_rest.png",
          "sri": null
        },
        {
          "name": "openseadragon/2.4.1/images/flip_grouphover.png",
          "sri": null
        },
        {
          "name": "openseadragon/2.4.1/images/flip_hover.png",
          "sri": null
        },
        {
          "name": "openseadragon/2.4.1/images/flip_pressed.png",
          "sri": null
        },
        {
          "name": "openseadragon/2.4.1/images/flip_rest.png",
          "sri": null
        },
        {
          "name": "openseadragon/2.4.1/images/fullpage_grouphover.png",
          "sri": null
        },
        {
          "name": "openseadragon/2.4.1/images/fullpage_hover.png",
          "sri": null
        },
        {
          "name": "openseadragon/2.4.1/images/fullpage_pressed.png",
          "sri": null
        },
        {
          "name": "openseadragon/2.4.1/images/fullpage_rest.png",
          "sri": null
        },
        {
          "name": "openseadragon/2.4.1/images/home_grouphover.png",
          "sri": null
        },
        {
          "name": "openseadragon/2.4.1/images/home_hover.png",
          "sri": null
        },
        {
          "name": "openseadragon/2.4.1/images/home_pressed.png",
          "sri": null
        },
        {
          "name": "openseadragon/2.4.1/images/home_rest.png",
          "sri": null
        },
        {
          "name": "openseadragon/2.4.1/images/next_grouphover.png",
          "sri": null
        },
        {
          "name": "openseadragon/2.4.1/images/next_hover.png",
          "sri": null
        },
        {
          "name": "openseadragon/2.4.1/images/next_pressed.png",
          "sri": null
        },
        {
          "name": "openseadragon/2.4.1/images/next_rest.png",
          "sri": null
        },
        {
          "name": "openseadragon/2.4.1/images/previous_grouphover.png",
          "sri": null
        },
        {
          "name": "openseadragon/2.4.1/images/previous_hover.png",
          "sri": null
        },
        {
          "name": "openseadragon/2.4.1/images/previous_pressed.png",
          "sri": null
        },
        {
          "name": "openseadragon/2.4.1/images/previous_rest.png",
          "sri": null
        },
        {
          "name": "openseadragon/2.4.1/images/rotateleft_grouphover.png",
          "sri": null
        },
        {
          "name": "openseadragon/2.4.1/images/rotateleft_hover.png",
          "sri": null
        },
        {
          "name": "openseadragon/2.4.1/images/rotateleft_pressed.png",
          "sri": null
        },
        {
          "name": "openseadragon/2.4.1/images/rotateleft_rest.png",
          "sri": null
        },
        {
          "name": "openseadragon/2.4.1/images/rotateright_grouphover.png",
          "sri": null
        },
        {
          "name": "openseadragon/2.4.1/images/rotateright_hover.png",
          "sri": null
        },
        {
          "name": "openseadragon/2.4.1/images/rotateright_pressed.png",
          "sri": null
        },
        {
          "name": "openseadragon/2.4.1/images/rotateright_rest.png",
          "sri": null
        },
        {
          "name": "openseadragon/2.4.1/images/zoomin_grouphover.png",
          "sri": null
        },
        {
          "name": "openseadragon/2.4.1/images/zoomin_hover.png",
          "sri": null
        },
        {
          "name": "openseadragon/2.4.1/images/zoomin_pressed.png",
          "sri": null
        },
        {
          "name": "openseadragon/2.4.1/images/zoomin_rest.png",
          "sri": null
        },
        {
          "name": "openseadragon/2.4.1/images/zoomout_grouphover.png",
          "sri": null
        },
        {
          "name": "openseadragon/2.4.1/images/zoomout_hover.png",
          "sri": null
        },
        {
          "name": "openseadragon/2.4.1/images/zoomout_pressed.png",
          "sri": null
        },
        {
          "name": "openseadragon/2.4.1/images/zoomout_rest.png",
          "sri": null
        },
        {
          "name": "openseadragon/2.4.1/openseadragon.js",
          "sri": "sha512-wLveiqffVDS+4JWoWKHUFKCw2zUjqsG8dHN8Q72zgGWTed/fLP4NePfxQ3nw1Ewe3hd7mvUIjO3owmLWvZyf2Q=="
        },
        {
          "name": "openseadragon/2.4.1/openseadragon.js.map",
          "sri": null
        },
        {
          "name": "openseadragon/2.4.1/openseadragon.min.js",
          "sri": "sha512-ydnIgG69uS1sVDFa1ki6qvOVkc47BmyW3RGoMwn9jATwDIFdIZ8Yuoy/w3IQEv8xzUwqFPs/yNoD2bSaQTGXYg=="
        },
        {
          "name": "openseadragon/2.4.1/openseadragon.min.js.map",
          "sri": null
        }
      ]
    },
    {
      "name": "vega",
      "version": "5.20.2",
      "assets": [
        {
          "name": "vega/5.20.2/vega.js",
          "sri": "sha512-NUL0H+1cUkPGBvLAmsK0WmDwgXYINObyyw/Jj8fBwu6sIl+12iSZr0+/TAQ8wCaj2XzAaFX5XQRjx8Z/1E8qTA=="
        },
        {
          "name": "vega/5.20.2/vega.min.js",
          "sri": "sha512-cNxHgXBzKj+J32O+EhaG4v7CuZTVe7p+jBzu1N+QlUxFe/m3y0r1rAHTbBSFcQR5XagrXm43g/DfcmkFvvfIQQ=="
        }
      ]
    },
    {
      "name": "vega-embed",
      "version": "6.17.0",
      "assets": [
        {
          "name": "vega-embed/6.17.0/vega-embed.js",
          "sri": "sha512-on9nfuMR+qroRvIZgDlfWK09LLuVIIzazSQHves4boFFtHulHUM7XnDg6e0xdFAXgiwtZHfBRR5xT3xu0gkhZg=="
        },
        {
          "name": "vega-embed/6.17.0/vega-embed.js.map",
          "sri": null
        },
        {
          "name": "vega-embed/6.17.0/vega-embed.min.js",
          "sri": "sha512-APNk3zkoYiQb+AhF+HOkt3cj1u+xIymun1KTqKP32YZDRWgnN/sNmCeUL5QxecitZSgS0b/Wp0/WF0uFv1GO2A=="
        },
        {
          "name": "vega-embed/6.17.0/vega-embed.min.js.map",
          "sri": null
        }
      ]
    },
    {
      "name": "vega-lite",
      "version": "5.1.0",
      "assets": [
        {
          "name": "vega-lite/5.1.0/vega-lite.js",
          "sri": "sha512-Z5O5U8QvBmxsHZiQfvqu2+UERgL7K7tVJ8XwAlnP5Q+U4oG6bLeMn53GMBB9M2aBm0GKeXFcWPOW0mjm2kPTFg=="
        },
        {
          "name": "vega-lite/5.1.0/vega-lite.js.map",
          "sri": null
        },
        {
          "name": "vega-lite/5.1.0/vega-lite.min.js",
          "sri": "sha512-1FlIGoVpDTGmUpnMqFvsedEILJNp0mkDQ1JSuZwLR1yllAHzSSIPTl0cMp8S3F6UrmWFIeS4/Zr7ivVFAxAAQw=="
        },
        {
          "name": "vega-lite/5.1.0/vega-lite.min.js.map",
          "sri": null
        }
      ]
    }
  ]
}
