{
  "lock_version": "1.0",
  "content_hash": "sha256:2405ebf402d0402ad969f9d60ce4968cb341166f713fba03eda136c7176806e8",
  "dependencies": [
    {
      "name": "font-awesome",
      "version": "5.15.4",
      "assets": [
        {
          "name": "font-awesome/5.15.4/css/all.css",
          "sri": "sha512-4wfcoXlib1Aq0mUtsLLM74SZtmB73VHTafZAvxIp/Wk9u1PpIsrfmTvK0+yKetghCL8SHlZbMyEcV8Z21v42UQ=="
        },
        {
          "name": "font-awesome/5.15.4/css/all.min.css",
          "sri": "sha512-1ycn6IcaQQ40/MKBW2W4Rhis/DbILU74C1vSrLJxCq57o941Ym01SwNsOMqvEBFlcgUa6xLiPY/NS5R+E6ztJQ=="
        },
        {
          "name": "font-awesome/5.15.4/webfonts/fa-brands-400.eot",
          "sri": null
        },
        {
          "name": "font-awesome/5.15.4/webfonts/fa-brands-400.svg",
          "sri": null
        },
        {
          "name": "font-awesome/5.15.4/webfonts/fa-brands-400.ttf",
          "sri": null
        },
        {
          "name": "font-awesome/5.15.4/webfonts/fa-brands-400.woff",
          "sri": null
        },
        {
          "name": "font-awesome/5.15.4/webfonts/fa-brands-400.woff2",
          "sri": null
        },
        {
          "name": "font-awesome/5.15.4/webfonts/fa-regular-400.eot",
          "sri": null
        },
        {
          "name": "font-awesome/5.15.4/webfonts/fa-regular-400.svg",
          "sri": null
        },
        {
          "name": "font-awesome/5.15.4/webfonts/fa-regular-400.ttf",
          "sri": null
        },
        {
          "name": "font-awesome/5.15.4/webfonts/fa-regular-400.woff",
          "sri": null
        },
        {
          "name": "font-awesome/5.15.4/webfonts/fa-regular-400.woff2",
          "sri": null
        },
        {
          "name": "font-awesome/5.15.4/webfonts/fa-solid-900.eot",
          "sri": null
        },
        {
          "name": "font-awesome/5.15.4/webfonts/fa-solid-900.svg",
          "sri": null
        },
        {
          "name": "font-awesome/5.15.4/webfonts/fa-solid-900.ttf",
          "sri": null
        },
        {
          "name": "font-awesome/5.15.4/webfonts/fa-solid-900.woff",
          "sri": null
        },
        {
          "name": "font-awesome/5.15.4/webfonts/fa-solid-900.woff2",
          "sri": null
        }
      ]
    },
    {
      "name": "hammer.js",
      "version": "2.0.8",
      "assets": [
        {
          "name": "hammer.js/2.0.8/hammer.js",
          "sri": "sha512-qRj8N7fxOHxPkKjnQ9EJgLJ8Ng1OK7seBn1uk8wkqaXpa7OA13LO6txQ7+ajZonyc9Ts4K/ugXljevkFTUGBcw=="
        },
        {
          "name": "hammer.js/2.0.8/hammer.min.js",
          "sri": "sha512-UXumZrZNiOwnTcZSHLOfcTs0aos2MzBWHXOHOuB0J/R44QB0dwY5JgfbvljXcklVf65Gc4El6RjZ+lnwd2az2g=="
        },
        {
          "name": "hammer.js/2.0.8/hammer.min.js.map",
          "sri": null
        }
      ]
    },
    {
      "name": "htmx",
      "version": "1.7.0",
      "assets": [
        {
          "name": "htmx/1.7.0/htmx.js",
          "sri": "sha512-wJXYT7RzKp/dxju83CCCATupp32GQvko0KrJVK3zTgTMkVWiLiHnupKKgOUt+87t+oe/Rm2Q2p+pOpiD+IR0lQ=="
        },
        {
          "name": "htmx/1.7.0/htmx.min.js",
          "sri": "sha512-etqA0KankuxrlSeZDYycQBY/D/KWZn0YZjlsjAo7kCEBTy1gg+DwmR6icxtOpqDBOzm2P00/lSIXEu7K+zvNsg=="
        }
      ]
    },
    {
      "name": "jquery",
      "version": "3.7.0",
      "assets": [
        {
          "name": "jquery/3.7.0/jquery.js",
          "sri": "sha512-8Z5++K1rB3U+USaLKG6oO8uWWBhdYsM3hmdirnOEWp8h2B1aOikj5zBzlXs8QOrvY9OxEnD2QDkbSKKpfqcIWw=="
        },
        {
          "name": "jquery/3.7.0/jquery.min.js",
          "sri": "sha512-3gJwYpMe3QewGELv8k/BX9vcqhryRdzRMxVfq6ngyWXwo03GFEzjsUm8Q7RZcHPHksttq7/GFoxjCVUjkjvPdw=="
        },
        {
          "name": "jquery/3.7.0/jquery.min.map",
          "sri": null
        }
      ]
    },
    {
      "name": "jscolor",
      "version": "2.5.1",
      "assets": [
        {
          "name": "jscolor/2.5.1/jscolor.js",
          "sri": "sha512-UP6tOIJfUgQv7uNUL4IXb8HDO1PlEUVSOuPGUcX11obi7Eh24geCoL2X+8JxB4tA9BfdppntOzqrmVQUblSYYQ=="
        },
        {
          "name": "jscolor/2.5.1/jscolor.min.js",
          "sri": "sha512-/e+XGe8oSD9M1t0NKNCrUlRsiyeFTiZw4+pmf0g8wTbc8IfiLwJsjTODc/pq3hKhKAdsehJs7STPvX7SkFSpOQ=="
        }
      ]
    },
    {
      "name": "jsoneditor",
      "version": "9.5.2",
      "assets": [
        {
          "name": "jsoneditor/9.5.2/img/jsoneditor-icons.svg",
          "sri": null
        },
        {
          "name": "jsoneditor/9.5.2/jsoneditor.css",
          "sri": "sha512-7BNBvfwEnG/+oK7PTxRr4I5f7SQQjYdnGjLe1F4kjNU9m4sXSOxcld4x2NRtgYiYkO+ltKQ1foU5Eau7kSnkVA=="
        },
        {
          "name": "jsoneditor/9.5.2/jsoneditor.js",
          "sri": "sha512-L0Ev5uNLTNswQjWgk65iN2z2q5TvDwe3qf5YYLROgs/SrVNfhqs6nwpfo+RXJ/+QM9bh/Acd7x03XvogdX5XFQ=="
        },
        {
          "name": "jsoneditor/9.5.2/jsoneditor.min.css",
          "sri": "sha512-oEH5lcAN+ZIIBvRXjo3cI689oL9c7HGoLxEkPnzRskQ8lSkKh2aZ/wd6rx//5+dI1eY20mPQPQTEx69UuHBu3Q=="
        },
        {
          "name": "jsoneditor/9.5.2/jsoneditor.min.js",
          "sri": "sha512-sWWNHrucAGzw6+kdky+SP1jIqkzY+bYzZRFn6H0aRw/jyaBKvj4A8hvze0bhSplOtAzY1YZyar8KrK8lDRtUdQ=="
        }
      ]
    },
    {
      "name": "moment.js",
      "version": "2.24.0",
      "assets": [
        {
          "name": "moment.js/2.24.0/moment.js",
          "sri": "sha512-Wv3kTSwLkL+/MpK3lOgKtsTn5lO1nmdesv7k9kWcIu0joAJo4KxIsB4/rQPUX/1M/MNeMCbRb7/2S/f2FIhBLQ=="
        },
        {
          "name": "moment.js/2.24.0/moment.min.js",
          "sri": "sha512-i2CVnAiguN6SnJ3d2ChOOddMWQyvgQTzm0qSgiKhOqBMGCx4fGU5BtzXEybnKatWPDkXPFyCI0lbG42BnVjr/Q=="
        }
      ]
    },
    {
      "name": "openseadragon",
      "version": "2.4.1",
      "assets": [
        {
          "name": "openseadragon/2.4.1/images/button_grouphover.png",
          "sri": null
        },
        {
          "name": "openseadragon/2.4.1/images/button_hover.png",
          "sri": null
        },
        {
          "name": "openseadragon/2.4.1/images/button_pressed.png",
          "sri": null
        },
        {
          "name": "openseadragon/2.4.1/images/button_rest.png",
          "sri": null
        },
        {
          "name": "openseadragon/2.4.1/images/flip_grouphover.png",
          "sri": null
        },
        {
          "name": "openseadragon/2.4.1/images/flip_hover.png",
          "sri": null
        },
        {
          "name": "openseadragon/2.4.1/images/flip_pressed.png",
          "sri": null
        },
        {
          "name": "openseadragon/2.4.1/images/flip_rest.png",
          "sri": null
        },
        {
          "name": "openseadragon/2.4.1/images/fullpage_grouphover.png",
          "sri": null
        },
        {
          "name": "openseadragon/2.4.1/images/fullpage_hover.png",
          "sri": null
        },
        {
          "name": "openseadragon/2.4.1/images/fullpage_pressed.png",
          "sri": null
        },
        {
          "name": "openseadragon/2.4.1/images/fullpage_rest.png",
          "sri": null
        },
        {
          "name": "openseadragon/2.4.1/images/home_grouphover.png",
          "sri": null
        },
        {
          "name": "openseadragon/2.4.1/images/home_hover.png",
          "sri": null
        },
        {
          "name": "openseadragon/2.4.1/images/home_pressed.png",
          "sri": null
        },
        {
          "name": "openseadragon/2.4.1/images/home_rest.png",
          "sri": null
        },
        {
          "name": "openseadragon/2.4.1/images/next_grouphover.png",
          "sri": null
        },
        {
          "name": "openseadragon/2.4.1/images/next_hover.png",
          "sri": null
        },
        {
          "name": "openseadragon/2.4.1/images/next_pressed.png",
          "sri": null
        },
        {
          "name": "openseadragon/2.4.1/images/next_rest.png",
          "sri": null
        },
        {
          "name": "openseadragon/2.4.1/images/previous_grouphover.png",
          "sri": null
        },
        {
          "name": "openseadragon/2.4.1/images/previous_hover.png",
          "sri": null
        },
        {
          "name": "openseadragon/2.4.1/images/previous_pressed.png",
          "sri": null
        },
        {
          "name": "openseadragon/2.4.1/images/previous_rest.png",
          "sri": null
        },
        {
          "name": "openseadragon/2.4.1/images/rotateleft_grouphover.png",
          "sri": null
        },
        {
          "name": "openseadragon/2.4.1/images/rotateleft_hover.png",
          "sri": null
        },
        {
          "name": "openseadragon/2.4.1/images/rotateleft_pressed.png",
          "sri": null
        },
        {
          "name": "openseadragon/2.4.1/images/rotateleft_rest.png",
          "sri": null
        },
        {
          "name": "openseadragon/2.4.1/images/rotateright_grouphover.png",
          "sri": null
        },
        {
          "name": "openseadragon/2.4.1/images/rotateright_hover.png",
          "sri": null
        },
        {
          "name": "openseadragon/2.4.1/images/rotateright_pressed.png",
          "sri": null
        },
        {
          "name": "openseadragon/2.4.1/images/rotateright_rest.png",
          "sri": null
        },
        {
          "name": "openseadragon/2.4.1/images/zoomin_grouphover.png",
          "sri": null
        },
        {
          "name": "openseadragon/2.4.1/images/zoomin_hover.png",
          "sri": null
        },
        {
          "name": "openseadragon/2.4.1/images/zoomin_pressed.png",
          "sri": null
        },
        {
          "name": "openseadragon/2.4.1/images/zoomin_rest.png",
          "sri": null
        },
        {
          "name": "openseadragon/2.4.1/images/zoomout_grouphover.png",
          "sri": null
        },
        {
          "name": "openseadragon/2.4.1/images/zoomout_hover.png",
          "sri": null
        },
        {
          "name": "openseadragon/2.4.1/images/zoomout_pressed.png",
          "sri": null
        },
        {
          "name": "openseadragon/2.4.1/images/zoomout_rest.png",
          "sri": null
        },
        {
          "name": "openseadragon/2.4.1/openseadragon.js",
          "sri": "sha512-wLveiqffVDS+4JWoWKHUFKCw2zUjqsG8dHN8Q72zgGWTed/fLP4NePfxQ3nw1Ewe3hd7mvUIjO3owmLWvZyf2Q=="
        },
        {
          "name": "openseadragon/2.4.1/openseadragon.js.map",
          "sri": null
        },
        {
          "name": "openseadragon/2.4.1/openseadragon.min.js",
          "sri": "sha512-ydnIgG69uS1sVDFa1ki6qvOVkc47BmyW3RGoMwn9jATwDIFdIZ8Yuoy/w3IQEv8xzUwqFPs/yNoD2bSaQTGXYg=="
        },
        {
          "name": "openseadragon/2.4.1/openseadragon.min.js.map",
          "sri": null
        }
      ]
    },
    {
      "name": "sentry-browser",
      "version": "6.19.7",
      "assets": [
        {
          "name": "sentry-browser/6.19.7/bundle.js",
          "sri": "sha512-YFAdK/3y/z0eEiGVH4jEbdHQM9CDBO6XV5oX5NkhlC4UlZLV9we7Sqog57K2FDBDbGQUWfkEilpByTPJwQ8Atg=="
        },
        {
          "name": "sentry-browser/6.19.7/bundle.min.js",
          "sri": "sha512-bfZoCIl6netdQQ4kWQ5HZaKOS24IohehpiEjuOu2sVpY3XaheFE/n0+bqJCwt4CDEP+nN+90sQwIOl1II1pLjA=="
        }
      ]
    },
    {
      "name": "uppy",
      "version": "2.2.0",
      "assets": [
        {
          "name": "uppy/2.2.0/uppy.css",
          "sri": "sha512-Ku+niwTGeWDTIMq36s+0/Z5/J2+Dzv+oPX+VK6IdKD3Zgd08xmNR4l7UWeMc3pXNMMvqX3N0SBUytoL75/WMCw=="
        },
        {
          "name": "uppy/2.2.0/uppy.js",
          "sri": "sha512-KbZ6k6pqdpS1TyYdfB9iJAwBv20Hktdz/6BTVd/eEHgKraMflq9F8/tOUlAyf1gAFBon6d6nC8L+pP27zeLZOw=="
        },
        {
          "name": "uppy/2.2.0/uppy.js.map",
          "sri": null
        },
        {
          "name": "uppy/2.2.0/uppy.min.css",
          "sri": "sha512-gD1Tjv/Dd8ZppRVxEh9BEgWgh6tUyXzcKb69dBn+JD5Ci5XYEj41jXBMacn3BmAbFFt/Wb1thylExLdwHR2kDA=="
        },
        {
          "name": "uppy/2.2.0/uppy.min.js",
          "sri": "sha512-NqPGg/p+/2QB/u22DwP2WutK3gpmglXIWLLuj2m67Kn6o+DU4qXopBHsQzJ7vSZMDx8wJ3fXbo526oSFLhCwkA=="
        },
        {
          "name": "uppy/2.2.0/uppy.min.js.map",
          "sri": null
        }
      ]
    },
    {
      "name": "vega",
      "version": "5.20.2",
      "assets": [
        {
          "name": "vega/5.20.2/vega.js",
          "sri": "sha512-NUL0H+1cUkPGBvLAmsK0WmDwgXYINObyyw/Jj8fBwu6sIl+12iSZr0+/TAQ8wCaj2XzAaFX5XQRjx8Z/1E8qTA=="
        },
        {
          "name": "vega/5.20.2/vega.min.js",
          "sri": "sha512-cNxHgXBzKj+J32O+EhaG4v7CuZTVe7p+jBzu1N+QlUxFe/m3y0r1rAHTbBSFcQR5XagrXm43g/DfcmkFvvfIQQ=="
        }
      ]
    },
    {
      "name": "vega-embed",
      "version": "6.17.0",
      "assets": [
        {
          "name": "vega-embed/6.17.0/vega-embed.js",
          "sri": "sha512-on9nfuMR+qroRvIZgDlfWK09LLuVIIzazSQHves4boFFtHulHUM7XnDg6e0xdFAXgiwtZHfBRR5xT3xu0gkhZg=="
        },
        {
          "name": "vega-embed/6.17.0/vega-embed.js.map",
          "sri": null
        },
        {
          "name": "vega-embed/6.17.0/vega-embed.min.js",
          "sri": "sha512-APNk3zkoYiQb+AhF+HOkt3cj1u+xIymun1KTqKP32YZDRWgnN/sNmCeUL5QxecitZSgS0b/Wp0/WF0uFv1GO2A=="
        },
        {
          "name": "vega-embed/6.17.0/vega-embed.min.js.map",
          "sri": null
        }
      ]
    },
    {
      "name": "vega-lite",
      "version": "5.1.0",
      "assets": [
        {
          "name": "vega-lite/5.1.0/vega-lite.js",
          "sri": "sha512-Z5O5U8QvBmxsHZiQfvqu2+UERgL7K7tVJ8XwAlnP5Q+U4oG6bLeMn53GMBB9M2aBm0GKeXFcWPOW0mjm2kPTFg=="
        },
        {
          "name": "vega-lite/5.1.0/vega-lite.js.map",
          "sri": null
        },
        {
          "name": "vega-lite/5.1.0/vega-lite.min.js",
          "sri": "sha512-1FlIGoVpDTGmUpnMqFvsedEILJNp0mkDQ1JSuZwLR1yllAHzSSIPTl0cMp8S3F6UrmWFIeS4/Zr7ivVFAxAAQw=="
        },
        {
          "name": "vega-lite/5.1.0/vega-lite.min.js.map",
          "sri": null
        }
      ]
    }
  ]
}
